
Microsoft Visual Studio Solution File, Format Version 12.00
# Visual Studio Version 17
VisualStudioVersion = 17.4.33122.133
MinimumVisualStudioVersion = 10.0.40219.1
Project("{FAE04EC0-301F-11D3-BF4B-00C04F79EFBC}") = "IMG_Server", "IMG_Server\IMG_Server.csproj", "{135A744D-4CB0-46DE-92C6-D8159C1E4BC0}"
EndProject
Global
	GlobalSection(SolutionConfigurationPlatforms) = preSolution
		Debug|Any CPU = Debug|Any CPU
		Release|Any CPU = Release|Any CPU
	EndGlobalSection
	GlobalSection(ProjectConfigurationPlatforms) = postSolution
		{135A744D-4CB0-46DE-92C6-D8159C1E4BC0}.Debug|Any CPU.ActiveCfg = Debug|Any CPU
		{135A744D-4CB0-46DE-92C6-D8159C1E4BC0}.Debug|Any CPU.Build.0 = Debug|Any CPU
		{135A744D-4CB0-46DE-92C6-D8159C1E4BC0}.Release|Any CPU.ActiveCfg = Release|Any CPU
		{135A744D-4CB0-46DE-92C6-D8159C1E4BC0}.Release|Any CPU.Build.0 = Release|Any CPU
	EndGlobalSection
	GlobalSection(SolutionProperties) = preSolution
		HideSolutionNode = FALSE
	EndGlobalSection
	GlobalSection(ExtensibilityGlobals) = postSolution
		SolutionGuid = {53005F76-96B1-47CC-888A-8072F79B5979}
	EndGlobalSection
EndGlobal
